// !$*UTF8*$!
{
	archiveVersion = 1;
	classes = {
	};
	objectVersion = 48;
	objects = {

/* Begin PBXBuildFile section */
		F91134E62125C545005B28F5 /* AppDelegate.swift in Sources */ = {isa = PBXBuildFile; fileRef = F91134E52125C545005B28F5 /* AppDelegate.swift */; };
		F91134E82125C545005B28F5 /* ViewController.swift in Sources */ = {isa = PBXBuildFile; fileRef = F91134E72125C545005B28F5 /* ViewController.swift */; };
		F91134EB2125C545005B28F5 /* Main.storyboard in Resources */ = {isa = PBXBuildFile; fileRef = F91134E92125C545005B28F5 /* Main.storyboard */; };
		F91134ED2125C545005B28F5 /* Assets.xcassets in Resources */ = {isa = PBXBuildFile; fileRef = F91134EC2125C545005B28F5 /* Assets.xcassets */; };
		F91134F02125C545005B28F5 /* LaunchScreen.storyboard in Resources */ = {isa = PBXBuildFile; fileRef = F91134EE2125C545005B28F5 /* LaunchScreen.storyboard */; };
		F91134FB2125C546005B28F5 /* Alert_ControllerTests.swift in Sources */ = {isa = PBXBuildFile; fileRef = F91134FA2125C546005B28F5 /* Alert_ControllerTests.swift */; };
		F91135062125C546005B28F5 /* Alert_ControllerUITests.swift in Sources */ = {isa = PBXBuildFile; fileRef = F91135052125C546005B28F5 /* Alert_ControllerUITests.swift */; };
/* End PBXBuildFile section */

/* Begin PBXContainerItemProxy section */
		F91134F72125C546005B28F5 /* PBXContainerItemProxy */ = {
			isa = PBXContainerItemProxy;
			containerPortal = F91134DA2125C545005B28F5 /* Project object */;
			proxyType = 1;
			remoteGlobalIDString = F91134E12125C545005B28F5;
			remoteInfo = "Alert Controller";
		};
		F91135022125C546005B28F5 /* PBXContainerItemProxy */ = {
			isa = PBXContainerItemProxy;
			containerPortal = F91134DA2125C545005B28F5 /* Project object */;
			proxyType = 1;
			remoteGlobalIDString = F91134E12125C545005B28F5;
			remoteInfo = "Alert Controller";
		};
/* End PBXContainerItemProxy section */

/* Begin PBXFileReference section */
		F91134E22125C545005B28F5 /* Alert Controller.app */ = {isa = PBXFileReference; explicitFileType = wrapper.application; includeInIndex = 0; path = "Alert Controller.app"; sourceTree = BUILT_PRODUCTS_DIR; };
		F91134E52125C545005B28F5 /* AppDelegate.swift */ = {isa = PBXFileReference; lastKnownFileType = sourcecode.swift; path = AppDelegate.swift; sourceTree = "<group>"; };
		F91134E72125C545005B28F5 /* ViewController.swift */ = {isa = PBXFileReference; lastKnownFileType = sourcecode.swift; path = ViewController.swift; sourceTree = "<group>"; };
		F91134EA2125C545005B28F5 /* Base */ = {isa = PBXFileReference; lastKnownFileType = file.storyboard; name = Base; path = Base.lproj/Main.storyboard; sourceTree = "<group>"; };
		F91134EC2125C545005B28F5 /* Assets.xcassets */ = {isa = PBXFileReference; lastKnownFileType = folder.assetcatalog; path = Assets.xcassets; sourceTree = "<group>"; };
		F91134EF2125C545005B28F5 /* Base */ = {isa = PBXFileReference; lastKnownFileType = file.storyboard; name = Base; path = Base.lproj/LaunchScreen.storyboard; sourceTree = "<group>"; };
		F91134F12125C545005B28F5 /* Info.plist */ = {isa = PBXFileReference; lastKnownFileType = text.plist.xml; path = Info.plist; sourceTree = "<group>"; };
		F91134F62125C546005B28F5 /* Alert ControllerTests.xctest */ = {isa = PBXFileReference; explicitFileType = wrapper.cfbundle; includeInIndex = 0; path = "Alert ControllerTests.xctest"; sourceTree = BUILT_PRODUCTS_DIR; };
		F91134FA2125C546005B28F5 /* Alert_ControllerTests.swift */ = {isa = PBXFileReference; lastKnownFileType = sourcecode.swift; path = Alert_ControllerTests.swift; sourceTree = "<group>"; };
		F91134FC2125C546005B28F5 /* Info.plist */ = {isa = PBXFileReference; lastKnownFileType = text.plist.xml; path = Info.plist; sourceTree = "<group>"; };
		F91135012125C546005B28F5 /* Alert ControllerUITests.xctest */ = {isa = PBXFileReference; explicitFileType = wrapper.cfbundle; includeInIndex = 0; path = "Alert ControllerUITests.xctest"; sourceTree = BUILT_PRODUCTS_DIR; };
		F91135052125C546005B28F5 /* Alert_ControllerUITests.swift */ = {isa = PBXFileReference; lastKnownFileType = sourcecode.swift; path = Alert_ControllerUITests.swift; sourceTree = "<group>"; };
		F91135072125C546005B28F5 /* Info.plist */ = {isa = PBXFileReference; lastKnownFileType = text.plist.xml; path = Info.plist; sourceTree = "<group>"; };
/* End PBXFileReference section */

/* Begin PBXFrameworksBuildPhase section */
		F91134DF2125C545005B28F5 /* Frameworks */ = {
			isa = PBXFrameworksBuildPhase;
			buildActionMask = 2147483647;
			files = (
			);
			runOnlyForDeploymentPostprocessing = 0;
		};
		F91134F32125C546005B28F5 /* Frameworks */ = {
			isa = PBXFrameworksBuildPhase;
			buildActionMask = 2147483647;
			files = (
			);
			runOnlyForDeploymentPostprocessing = 0;
		};
		F91134FE2125C546005B28F5 /* Frameworks */ = {
			isa = PBXFrameworksBuildPhase;
			buildActionMask = 2147483647;
			files = (
			);
			runOnlyForDeploymentPostprocessing = 0;
		};
/* End PBXFrameworksBuildPhase section */

/* Begin PBXGroup section */
		F91134D92125C545005B28F5 = {
			isa = PBXGroup;
			children = (
				F91134E42125C545005B28F5 /* Alert Controller */,
				F91134F92125C546005B28F5 /* Alert ControllerTests */,
				F91135042125C546005B28F5 /* Alert ControllerUITests */,
				F91134E32125C545005B28F5 /* Products */,
			);
			sourceTree = "<group>";
		};
		F91134E32125C545005B28F5 /* Products */ = {
			isa = PBXGroup;
			children = (
				F91134E22125C545005B28F5 /* Alert Controller.app */,
				F91134F62125C546005B28F5 /* Alert ControllerTests.xctest */,
				F91135012125C546005B28F5 /* Alert ControllerUITests.xctest */,
			);
			name = Products;
			sourceTree = "<group>";
		};
		F91134E42125C545005B28F5 /* Alert Controller */ = {
			isa = PBXGroup;
			children = (
				F91134E52125C545005B28F5 /* AppDelegate.swift */,
				F91134E72125C545005B28F5 /* ViewController.swift */,
				F91134E92125C545005B28F5 /* Main.storyboard */,
				F91134EC2125C545005B28F5 /* Assets.xcassets */,
				F91134EE2125C545005B28F5 /* LaunchScreen.storyboard */,
				F91134F12125C545005B28F5 /* Info.plist */,
			);
			path = "Alert Controller";
			sourceTree = "<group>";
		};
		F91134F92125C546005B28F5 /* Alert ControllerTests */ = {
			isa = PBXGroup;
			children = (
				F91134FA2125C546005B28F5 /* Alert_ControllerTests.swift */,
				F91134FC2125C546005B28F5 /* Info.plist */,
			);
			path = "Alert ControllerTests";
			sourceTree = "<group>";
		};
		F91135042125C546005B28F5 /* Alert ControllerUITests */ = {
			isa = PBXGroup;
			children = (
				F91135052125C546005B28F5 /* Alert_ControllerUITests.swift */,
				F91135072125C546005B28F5 /* Info.plist */,
			);
			path = "Alert ControllerUITests";
			sourceTree = "<group>";
		};
/* End PBXGroup section */

/* Begin PBXNativeTarget section */
		F91134E12125C545005B28F5 /* Alert Controller */ = {
			isa = PBXNativeTarget;
			buildConfigurationList = F911350A2125C546005B28F5 /* Build configuration list for PBXNativeTarget "Alert Controller" */;
			buildPhases = (
				F91134DE2125C545005B28F5 /* Sources */,
				F91134DF2125C545005B28F5 /* Frameworks */,
				F91134E02125C545005B28F5 /* Resources */,
			);
			buildRules = (
			);
			dependencies = (
			);
			name = "Alert Controller";
			productName = "Alert Controller";
			productReference = F91134E22125C545005B28F5 /* Alert Controller.app */;
			productType = "com.apple.product-type.application";
		};
		F91134F52125C546005B28F5 /* Alert ControllerTests */ = {
			isa = PBXNativeTarget;
			buildConfigurationList = F911350D2125C546005B28F5 /* Build configuration list for PBXNativeTarget "Alert ControllerTests" */;
			buildPhases = (
				F91134F22125C546005B28F5 /* Sources */,
				F91134F32125C546005B28F5 /* Frameworks */,
				F91134F42125C546005B28F5 /* Resources */,
			);
			buildRules = (
			);
			dependencies = (
				F91134F82125C546005B28F5 /* PBXTargetDependency */,
			);
			name = "Alert ControllerTests";
			productName = "Alert ControllerTests";
			productReference = F91134F62125C546005B28F5 /* Alert ControllerTests.xctest */;
			productType = "com.apple.product-type.bundle.unit-test";
		};
		F91135002125C546005B28F5 /* Alert ControllerUITests */ = {
			isa = PBXNativeTarget;
			buildConfigurationList = F91135102125C546005B28F5 /* Build configuration list for PBXNativeTarget "Alert ControllerUITests" */;
			buildPhases = (
				F91134FD2125C546005B28F5 /* Sources */,
				F91134FE2125C546005B28F5 /* Frameworks */,
				F91134FF2125C546005B28F5 /* Resources */,
			);
			buildRules = (
			);
			dependencies = (
				F91135032125C546005B28F5 /* PBXTargetDependency */,
			);
			name = "Alert ControllerUITests";
			productName = "Alert ControllerUITests";
			productReference = F91135012125C546005B28F5 /* Alert ControllerUITests.xctest */;
			productType = "com.apple.product-type.bundle.ui-testing";
		};
/* End PBXNativeTarget section */

/* Begin PBXProject section */
		F91134DA2125C545005B28F5 /* Project object */ = {
			isa = PBXProject;
			attributes = {
				LastSwiftUpdateCheck = 0920;
				LastUpgradeCheck = 0920;
				ORGANIZATIONNAME = Ejad;
				TargetAttributes = {
					F91134E12125C545005B28F5 = {
						CreatedOnToolsVersion = 9.2;
						ProvisioningStyle = Automatic;
					};
					F91134F52125C546005B28F5 = {
						CreatedOnToolsVersion = 9.2;
						ProvisioningStyle = Automatic;
						TestTargetID = F91134E12125C545005B28F5;
					};
					F91135002125C546005B28F5 = {
						CreatedOnToolsVersion = 9.2;
						ProvisioningStyle = Automatic;
						TestTargetID = F91134E12125C545005B28F5;
					};
				};
			};
			buildConfigurationList = F91134DD2125C545005B28F5 /* Build configuration list for PBXProject "Alert Controller" */;
			compatibilityVersion = "Xcode 8.0";
			developmentRegion = en;
			hasScannedForEncodings = 0;
			knownRegions = (
				en,
				Base,
			);
			mainGroup = F91134D92125C545005B28F5;
			productRefGroup = F91134E32125C545005B28F5 /* Products */;
			projectDirPath = "";
			projectRoot = "";
			targets = (
				F91134E12125C545005B28F5 /* Alert Controller */,
				F91134F52125C546005B28F5 /* Alert ControllerTests */,
				F91135002125C546005B28F5 /* Alert ControllerUITests */,
			);
		};
/* End PBXProject section */

/* Begin PBXResourcesBuildPhase section */
		F91134E02125C545005B28F5 /* Resources */ = {
			isa = PBXResourcesBuildPhase;
			buildActionMask = 2147483647;
			files = (
				F91134F02125C545005B28F5 /* LaunchScreen.storyboard in Resources */,
				F91134ED2125C545005B28F5 /* Assets.xcassets in Resources */,
				F91134EB2125C545005B28F5 /* Main.storyboard in Resources */,
			);
			runOnlyForDeploymentPostprocessing = 0;
		};
		F91134F42125C546005B28F5 /* Resources */ = {
			isa = PBXResourcesBuildPhase;
			buildActionMask = 2147483647;
			files = (
			);
			runOnlyForDeploymentPostprocessing = 0;
		};
		F91134FF2125C546005B28F5 /* Resources */ = {
			isa = PBXResourcesBuildPhase;
			buildActionMask = 2147483647;
			files = (
			);
			runOnlyForDeploymentPostprocessing = 0;
		};
/* End PBXResourcesBuildPhase section */

/* Begin PBXSourcesBuildPhase section */
		F91134DE2125C545005B28F5 /* Sources */ = {
			isa = PBXSourcesBuildPhase;
			buildActionMask = 2147483647;
			files = (
				F91134E82125C545005B28F5 /* ViewController.swift in Sources */,
				F91134E62125C545005B28F5 /* AppDelegate.swift in Sources */,
			);
			runOnlyForDeploymentPostprocessing = 0;
		};
		F91134F22125C546005B28F5 /* Sources */ = {
			isa = PBXSourcesBuildPhase;
			buildActionMask = 2147483647;
			files = (
				F91134FB2125C546005B28F5 /* Alert_ControllerTests.swift in Sources */,
			);
			runOnlyForDeploymentPostprocessing = 0;
		};
		F91134FD2125C546005B28F5 /* Sources */ = {
			isa = PBXSourcesBuildPhase;
			buildActionMask = 2147483647;
			files = (
				F91135062125C546005B28F5 /* Alert_ControllerUITests.swift in Sources */,
			);
			runOnlyForDeploymentPostprocessing = 0;
		};
/* End PBXSourcesBuildPhase section */

/* Begin PBXTargetDependency section */
		F91134F82125C546005B28F5 /* PBXTargetDependency */ = {
			isa = PBXTargetDependency;
			target = F91134E12125C545005B28F5 /* Alert Controller */;
			targetProxy = F91134F72125C546005B28F5 /* PBXContainerItemProxy */;
		};
		F91135032125C546005B28F5 /* PBXTargetDependency */ = {
			isa = PBXTargetDependency;
			target = F91134E12125C545005B28F5 /* Alert Controller */;
			targetProxy = F91135022125C546005B28F5 /* PBXContainerItemProxy */;
		};
/* End PBXTargetDependency section */

/* Begin PBXVariantGroup section */
		F91134E92125C545005B28F5 /* Main.storyboard */ = {
			isa = PBXVariantGroup;
			children = (
				F91134EA2125C545005B28F5 /* Base */,
			);
			name = Main.storyboard;
			sourceTree = "<group>";
		};
		F91134EE2125C545005B28F5 /* LaunchScreen.storyboard */ = {
			isa = PBXVariantGroup;
			children = (
				F91134EF2125C545005B28F5 /* Base */,
			);
			name = LaunchScreen.storyboard;
			sourceTree = "<group>";
		};
/* End PBXVariantGroup section */

/* Begin XCBuildConfiguration section */
		F91135082125C546005B28F5 /* Debug */ = {
			isa = XCBuildConfiguration;
			buildSettings = {
				ALWAYS_SEARCH_USER_PATHS = NO;
				CLANG_ANALYZER_NONNULL = YES;
				CLANG_ANALYZER_NUMBER_OBJECT_CONVERSION = YES_AGGRESSIVE;
				CLANG_CXX_LANGUAGE_STANDARD = "gnu++14";
				CLANG_CXX_LIBRARY = "libc++";
				CLANG_ENABLE_MODULES = YES;
				CLANG_ENABLE_OBJC_ARC = YES;
				CLANG_WARN_BLOCK_CAPTURE_AUTORELEASING = YES;
				CLANG_WARN_BOOL_CONVERSION = YES;
				CLANG_WARN_COMMA = YES;
				CLANG_WARN_CONSTANT_CONVERSION = YES;
				CLANG_WARN_DIRECT_OBJC_ISA_USAGE = YES_ERROR;
				CLANG_WARN_DOCUMENTATION_COMMENTS = YES;
				CLANG_WARN_EMPTY_BODY = YES;
				CLANG_WARN_ENUM_CONVERSION = YES;
				CLANG_WARN_INFINITE_RECURSION = YES;
				CLANG_WARN_INT_CONVERSION = YES;
				CLANG_WARN_NON_LITERAL_NULL_CONVERSION = YES;
				CLANG_WARN_OBJC_LITERAL_CONVERSION = YES;
				CLANG_WARN_OBJC_ROOT_CLASS = YES_ERROR;
				CLANG_WARN_RANGE_LOOP_ANALYSIS = YES;
				CLANG_WARN_STRICT_PROTOTYPES = YES;
				CLANG_WARN_SUSPICIOUS_MOVE = YES;
				CLANG_WARN_UNGUARDED_AVAILABILITY = YES_AGGRESSIVE;
				CLANG_WARN_UNREACHABLE_CODE = YES;
				CLANG_WARN__DUPLICATE_METHOD_MATCH = YES;
				CODE_SIGN_IDENTITY = "iPhone Developer";
				COPY_PHASE_STRIP = NO;
				DEBUG_INFORMATION_FORMAT = dwarf;
				ENABLE_STRICT_OBJC_MSGSEND = YES;
				ENABLE_TESTABILITY = YES;
				GCC_C_LANGUAGE_STANDARD = gnu11;
				GCC_DYNAMIC_NO_PIC = NO;
				GCC_NO_COMMON_BLOCKS = YES;
				GCC_OPTIMIZATION_LEVEL = 0;
				GCC_PREPROCESSOR_DEFINITIONS = (
					"DEBUG=1",
					"$(inherited)",
				);
				GCC_WARN_64_TO_32_BIT_CONVERSION = YES;
				GCC_WARN_ABOUT_RETURN_TYPE = YES_ERROR;
				GCC_WARN_UNDECLARED_SELECTOR = YES;
				GCC_WARN_UNINITIALIZED_AUTOS = YES_AGGRESSIVE;
				GCC_WARN_UNUSED_FUNCTION = YES;
				GCC_WARN_UNUSED_VARIABLE = YES;
				IPHONEOS_DEPLOYMENT_TARGET = 11.2;
				MTL_ENABLE_DEBUG_INFO = YES;
				ONLY_ACTIVE_ARCH = YES;
				SDKROOT = iphoneos;
				SWIFT_ACTIVE_COMPILATION_CONDITIONS = DEBUG;
				SWIFT_OPTIMIZATION_LEVEL = "-Onone";
			};
			name = Debug;
		};
		F91135092125C546005B28F5 /* Release */ = {
			isa = XCBuildConfiguration;
			buildSettings = {
				ALWAYS_SEARCH_USER_PATHS = NO;
				CLANG_ANALYZER_NONNULL = YES;
				CLANG_ANALYZER_NUMBER_OBJECT_CONVERSION = YES_AGGRESSIVE;
				CLANG_CXX_LANGUAGE_STANDARD = "gnu++14";
				CLANG_CXX_LIBRARY = "libc++";
				CLANG_ENABLE_MODULES = YES;
				CLANG_ENABLE_OBJC_ARC = YES;
				CLANG_WARN_BLOCK_CAPTURE_AUTORELEASING = YES;
				CLANG_WARN_BOOL_CONVERSION = YES;
				CLANG_WARN_COMMA = YES;
				CLANG_WARN_CONSTANT_CONVERSION = YES;
				CLANG_WARN_DIRECT_OBJC_ISA_USAGE = YES_ERROR;
				CLANG_WARN_DOCUMENTATION_COMMENTS = YES;
				CLANG_WARN_EMPTY_BODY = YES;
				CLANG_WARN_ENUM_CONVERSION = YES;
				CLANG_WARN_INFINITE_RECURSION = YES;
				CLANG_WARN_INT_CONVERSION = YES;
				CLANG_WARN_NON_LITERAL_NULL_CONVERSION = YES;
				CLANG_WARN_OBJC_LITERAL_CONVERSION = YES;
				CLANG_WARN_OBJC_ROOT_CLASS = YES_ERROR;
				CLANG_WARN_RANGE_LOOP_ANALYSIS = YES;
				CLANG_WARN_STRICT_PROTOTYPES = YES;
				CLANG_WARN_SUSPICIOUS_MOVE = YES;
				CLANG_WARN_UNGUARDED_AVAILABILITY = YES_AGGRESSIVE;
				CLANG_WARN_UNREACHABLE_CODE = YES;
				CLANG_WARN__DUPLICATE_METHOD_MATCH = YES;
				CODE_SIGN_IDENTITY = "iPhone Developer";
				COPY_PHASE_STRIP = NO;
				DEBUG_INFORMATION_FORMAT = "dwarf-with-dsym";
				ENABLE_NS_ASSERTIONS = NO;
				ENABLE_STRICT_OBJC_MSGSEND = YES;
				GCC_C_LANGUAGE_STANDARD = gnu11;
				GCC_NO_COMMON_BLOCKS = YES;
				GCC_WARN_64_TO_32_BIT_CONVERSION = YES;
				GCC_WARN_ABOUT_RETURN_TYPE = YES_ERROR;
				GCC_WARN_UNDECLARED_SELECTOR = YES;
				GCC_WARN_UNINITIALIZED_AUTOS = YES_AGGRESSIVE;
				GCC_WARN_UNUSED_FUNCTION = YES;
				GCC_WARN_UNUSED_VARIABLE = YES;
				IPHONEOS_DEPLOYMENT_TARGET = 11.2;
				MTL_ENABLE_DEBUG_INFO = NO;
				SDKROOT = iphoneos;
				SWIFT_OPTIMIZATION_LEVEL = "-Owholemodule";
				VALIDATE_PRODUCT = YES;
			};
			name = Release;
		};
		F911350B2125C546005B28F5 /* Debug */ = {
			isa = XCBuildConfiguration;
			buildSettings = {
				ASSETCATALOG_COMPILER_APPICON_NAME = AppIcon;
				CODE_SIGN_STYLE = Automatic;
				INFOPLIST_FILE = "Alert Controller/Info.plist";
				LD_RUNPATH_SEARCH_PATHS = "$(inherited) @executable_path/Frameworks";
				PRODUCT_BUNDLE_IDENTIFIER = "com.Ejad.Alert-Controller";
				PRODUCT_NAME = "$(TARGET_NAME)";
				SWIFT_VERSION = 4.0;
				TARGETED_DEVICE_FAMILY = "1,2";
			};
			name = Debug;
		};
		F911350C2125C546005B28F5 /* Release */ = {
			isa = XCBuildConfiguration;
			buildSettings = {
				ASSETCATALOG_COMPILER_APPICON_NAME = AppIcon;
				CODE_SIGN_STYLE = Automatic;
				INFOPLIST_FILE = "Alert Controller/Info.plist";
				LD_RUNPATH_SEARCH_PATHS = "$(inherited) @executable_path/Frameworks";
				PRODUCT_BUNDLE_IDENTIFIER = "com.Ejad.Alert-Controller";
				PRODUCT_NAME = "$(TARGET_NAME)";
				SWIFT_VERSION = 4.0;
				TARGETED_DEVICE_FAMILY = "1,2";
			};
			name = Release;
		};
		F911350E2125C546005B28F5 /* Debug */ = {
			isa = XCBuildConfiguration;
			buildSettings = {
				ALWAYS_EMBED_SWIFT_STANDARD_LIBRARIES = YES;
				BUNDLE_LOADER = "$(TEST_HOST)";
				CODE_SIGN_STYLE = Automatic;
				INFOPLIST_FILE = "Alert ControllerTests/Info.plist";
				LD_RUNPATH_SEARCH_PATHS = "$(inherited) @executable_path/Frameworks @loader_path/Frameworks";
				PRODUCT_BUNDLE_IDENTIFIER = "com.Ejad.Alert-ControllerTests";
				PRODUCT_NAME = "$(TARGET_NAME)";
				SWIFT_VERSION = 4.0;
				TARGETED_DEVICE_FAMILY = "1,2";
				TEST_HOST = "$(BUILT_PRODUCTS_DIR)/Alert Controller.app/Alert Controller";
			};
			name = Debug;
		};
		F911350F2125C546005B28F5 /* Release */ = {
			isa = XCBuildConfiguration;
			buildSettings = {
				ALWAYS_EMBED_SWIFT_STANDARD_LIBRARIES = YES;
				BUNDLE_LOADER = "$(TEST_HOST)";
				CODE_SIGN_STYLE = Automatic;
				INFOPLIST_FILE = "Alert ControllerTests/Info.plist";
				LD_RUNPATH_SEARCH_PATHS = "$(inherited) @executable_path/Frameworks @loader_path/Frameworks";
				PRODUCT_BUNDLE_IDENTIFIER = "com.Ejad.Alert-ControllerTests";
				PRODUCT_NAME = "$(TARGET_NAME)";
				SWIFT_VERSION = 4.0;
				TARGETED_DEVICE_FAMILY = "1,2";
				TEST_HOST = "$(BUILT_PRODUCTS_DIR)/Alert Controller.app/Alert Controller";
			};
			name = Release;
		};
		F91135112125C546005B28F5 /* Debug */ = {
			isa = XCBuildConfiguration;
			buildSettings = {
				ALWAYS_EMBED_SWIFT_STANDARD_LIBRARIES = YES;
				CODE_SIGN_STYLE = Automatic;
				INFOPLIST_FILE = "Alert ControllerUITests/Info.plist";
				LD_RUNPATH_SEARCH_PATHS = "$(inherited) @executable_path/Frameworks @loader_path/Frameworks";
				PRODUCT_BUNDLE_IDENTIFIER = "com.Ejad.Alert-ControllerUITests";
				PRODUCT_NAME = "$(TARGET_NAME)";
				SWIFT_VERSION = 4.0;
				TARGETED_DEVICE_FAMILY = "1,2";
				TEST_TARGET_NAME = "Alert Controller";
			};
			name = Debug;
		};
		F91135122125C546005B28F5 /* Release */ = {
			isa = XCBuildConfiguration;
			buildSettings = {
				ALWAYS_EMBED_SWIFT_STANDARD_LIBRARIES = YES;
				CODE_SIGN_STYLE = Automatic;
				INFOPLIST_FILE = "Alert ControllerUITests/Info.plist";
				LD_RUNPATH_SEARCH_PATHS = "$(inherited) @executable_path/Frameworks @loader_path/Frameworks";
				PRODUCT_BUNDLE_IDENTIFIER = "com.Ejad.Alert-ControllerUITests";
				PRODUCT_NAME = "$(TARGET_NAME)";
				SWIFT_VERSION = 4.0;
				TARGETED_DEVICE_FAMILY = "1,2";
				TEST_TARGET_NAME = "Alert Controller";
			};
			name = Release;
		};
/* End XCBuildConfiguration section */

/* Begin XCConfigurationList section */
		F91134DD2125C545005B28F5 /* Build configuration list for PBXProject "Alert Controller" */ = {
			isa = XCConfigurationList;
			buildConfigurations = (
				F91135082125C546005B28F5 /* Debug */,
				F91135092125C546005B28F5 /* Release */,
			);
			defaultConfigurationIsVisible = 0;
			defaultConfigurationName = Release;
		};
		F911350A2125C546005B28F5 /* Build configuration list for PBXNativeTarget "Alert Controller" */ = {
			isa = XCConfigurationList;
			buildConfigurations = (
				F911350B2125C546005B28F5 /* Debug */,
				F911350C2125C546005B28F5 /* Release */,
			);
			defaultConfigurationIsVisible = 0;
			defaultConfigurationName = Release;
		};
		F911350D2125C546005B28F5 /* Build configuration list for PBXNativeTarget "Alert ControllerTests" */ = {
			isa = XCConfigurationList;
			buildConfigurations = (
				F911350E2125C546005B28F5 /* Debug */,
				F911350F2125C546005B28F5 /* Release */,
			);
			defaultConfigurationIsVisible = 0;
			defaultConfigurationName = Release;
		};
		F91135102125C546005B28F5 /* Build configuration list for PBXNativeTarget "Alert ControllerUITests" */ = {
			isa = XCConfigurationList;
			buildConfigurations = (
				F91135112125C546005B28F5 /* Debug */,
				F91135122125C546005B28F5 /* Release */,
			);
			defaultConfigurationIsVisible = 0;
			defaultConfigurationName = Release;
		};
/* End XCConfigurationList section */
	};
	rootObject = F91134DA2125C545005B28F5 /* Project object */;
}
